
Microsoft Visual Studio Solution File, Format Version 12.00
# Visual Studio Version 17
VisualStudioVersion = 17.8.34309.116
MinimumVisualStudioVersion = 10.0.40219.1
Project("{FAE04EC0-301F-11D3-BF4B-00C04F79EFBC}") = "EchoMaster", "EchoMaster\EchoMaster.csproj", "{E3CDCE84-C53B-47B0-A072-EC8D42C4CA39}"
EndProject
Project("{FAE04EC0-301F-11D3-BF4B-00C04F79EFBC}") = "EchoMaster.Tests", "EchoMaster.Tests\EchoMaster.Tests.csproj", "{3AEF1CF1-30CF-4100-985A-2234743ED721}"
EndProject
Global
	GlobalSection(SolutionConfigurationPlatforms) = preSolution
		Debug|Any CPU = Debug|Any CPU
		Release|Any CPU = Release|Any CPU
	EndGlobalSection
	GlobalSection(ProjectConfigurationPlatforms) = postSolution
		{E3CDCE84-C53B-47B0-A072-EC8D42C4CA39}.Debug|Any CPU.ActiveCfg = Debug|Any CPU
		{E3CDCE84-C53B-47B0-A072-EC8D42C4CA39}.Debug|Any CPU.Build.0 = Debug|Any CPU
		{E3CDCE84-C53B-47B0-A072-EC8D42C4CA39}.Release|Any CPU.ActiveCfg = Release|Any CPU
		{E3CDCE84-C53B-47B0-A072-EC8D42C4CA39}.Release|Any CPU.Build.0 = Release|Any CPU
		{3AEF1CF1-30CF-4100-985A-2234743ED721}.Debug|Any CPU.ActiveCfg = Debug|Any CPU
		{3AEF1CF1-30CF-4100-985A-2234743ED721}.Debug|Any CPU.Build.0 = Debug|Any CPU
		{3AEF1CF1-30CF-4100-985A-2234743ED721}.Release|Any CPU.ActiveCfg = Release|Any CPU
		{3AEF1CF1-30CF-4100-985A-2234743ED721}.Release|Any CPU.Build.0 = Release|Any CPU
	EndGlobalSection
	GlobalSection(SolutionProperties) = preSolution
		HideSolutionNode = FALSE
	EndGlobalSection
	GlobalSection(ExtensibilityGlobals) = postSolution
		SolutionGuid = {8ACBD770-FB12-4420-8953-B8587C715F77}
	EndGlobalSection
EndGlobal
